
Microsoft Visual Studio Solution File, Format Version 12.00
# Visual Studio Version 17
VisualStudioVersion = 17.2.32505.173
MinimumVisualStudioVersion = 10.0.40219.1
Project("{9A19103F-16F7-4668-BE54-9A1E7A4F7556}") = "BaseLibrary", "BaseLibrary\BaseLibrary.csproj", "{22290072-8B55-43B2-9632-E119E42738C9}"
EndProject
Project("{9A19103F-16F7-4668-BE54-9A1E7A4F7556}") = "WpfApp", "WpfApp\WpfApp.csproj", "{78CF846C-FF57-47AB-B833-D23E01244FB3}"
EndProject
Project("{9A19103F-16F7-4668-BE54-9A1E7A4F7556}") = "ConsoleApp", "ConsoleApp\ConsoleApp.csproj", "{69FA5514-FDD4-4307-A0F4-5F23E01D6EE2}"
EndProject
Project("{9A19103F-16F7-4668-BE54-9A1E7A4F7556}") = "BaseLibraryMst", "BaseLibraryMst\BaseLibraryMst.csproj", "{FB735BA2-0CC9-4432-9AD2-82628FD1EAB0}"
EndProject
Project("{9A19103F-16F7-4668-BE54-9A1E7A4F7556}") = "WindowsLibrary", "WindowsLibrary\WindowsLibrary.csproj", "{DB3F7276-2B7A-48AA-8026-1F754FDC9A59}"
EndProject
Project("{9A19103F-16F7-4668-BE54-9A1E7A4F7556}") = "Modeling", "Modeling\Modeling.csproj", "{40967A87-0936-464F-BABA-BC5055B340AD}"
EndProject
Project("{FAE04EC0-301F-11D3-BF4B-00C04F79EFBC}") = "MauiApp", "MauiApp\MauiApp.csproj", "{12182BE2-D226-4AE9-AC2B-0DA0B562F9B8}"
EndProject
Global
	GlobalSection(SolutionConfigurationPlatforms) = preSolution
		Debug|Any CPU = Debug|Any CPU
		Debug|ARM = Debug|ARM
		Debug|ARM64 = Debug|ARM64
		Debug|x64 = Debug|x64
		Debug|x86 = Debug|x86
		Release|Any CPU = Release|Any CPU
		Release|ARM = Release|ARM
		Release|ARM64 = Release|ARM64
		Release|x64 = Release|x64
		Release|x86 = Release|x86
	EndGlobalSection
	GlobalSection(ProjectConfigurationPlatforms) = postSolution
		{22290072-8B55-43B2-9632-E119E42738C9}.Debug|Any CPU.ActiveCfg = Debug|Any CPU
		{22290072-8B55-43B2-9632-E119E42738C9}.Debug|Any CPU.Build.0 = Debug|Any CPU
		{22290072-8B55-43B2-9632-E119E42738C9}.Debug|ARM.ActiveCfg = Debug|Any CPU
		{22290072-8B55-43B2-9632-E119E42738C9}.Debug|ARM.Build.0 = Debug|Any CPU
		{22290072-8B55-43B2-9632-E119E42738C9}.Debug|ARM64.ActiveCfg = Debug|Any CPU
		{22290072-8B55-43B2-9632-E119E42738C9}.Debug|ARM64.Build.0 = Debug|Any CPU
		{22290072-8B55-43B2-9632-E119E42738C9}.Debug|x64.ActiveCfg = Debug|Any CPU
		{22290072-8B55-43B2-9632-E119E42738C9}.Debug|x64.Build.0 = Debug|Any CPU
		{22290072-8B55-43B2-9632-E119E42738C9}.Debug|x86.ActiveCfg = Debug|Any CPU
		{22290072-8B55-43B2-9632-E119E42738C9}.Debug|x86.Build.0 = Debug|Any CPU
		{22290072-8B55-43B2-9632-E119E42738C9}.Release|Any CPU.ActiveCfg = Release|Any CPU
		{22290072-8B55-43B2-9632-E119E42738C9}.Release|Any CPU.Build.0 = Release|Any CPU
		{22290072-8B55-43B2-9632-E119E42738C9}.Release|ARM.ActiveCfg = Release|Any CPU
		{22290072-8B55-43B2-9632-E119E42738C9}.Release|ARM.Build.0 = Release|Any CPU
		{22290072-8B55-43B2-9632-E119E42738C9}.Release|ARM64.ActiveCfg = Release|Any CPU
		{22290072-8B55-43B2-9632-E119E42738C9}.Release|ARM64.Build.0 = Release|Any CPU
		{22290072-8B55-43B2-9632-E119E42738C9}.Release|x64.ActiveCfg = Release|Any CPU
		{22290072-8B55-43B2-9632-E119E42738C9}.Release|x64.Build.0 = Release|Any CPU
		{22290072-8B55-43B2-9632-E119E42738C9}.Release|x86.ActiveCfg = Release|Any CPU
		{22290072-8B55-43B2-9632-E119E42738C9}.Release|x86.Build.0 = Release|Any CPU
		{78CF846C-FF57-47AB-B833-D23E01244FB3}.Debug|Any CPU.ActiveCfg = Debug|Any CPU
		{78CF846C-FF57-47AB-B833-D23E01244FB3}.Debug|Any CPU.Build.0 = Debug|Any CPU
		{78CF846C-FF57-47AB-B833-D23E01244FB3}.Debug|ARM.ActiveCfg = Debug|Any CPU
		{78CF846C-FF57-47AB-B833-D23E01244FB3}.Debug|ARM.Build.0 = Debug|Any CPU
		{78CF846C-FF57-47AB-B833-D23E01244FB3}.Debug|ARM64.ActiveCfg = Debug|Any CPU
		{78CF846C-FF57-47AB-B833-D23E01244FB3}.Debug|ARM64.Build.0 = Debug|Any CPU
		{78CF846C-FF57-47AB-B833-D23E01244FB3}.Debug|x64.ActiveCfg = Debug|Any CPU
		{78CF846C-FF57-47AB-B833-D23E01244FB3}.Debug|x64.Build.0 = Debug|Any CPU
		{78CF846C-FF57-47AB-B833-D23E01244FB3}.Debug|x86.ActiveCfg = Debug|Any CPU
		{78CF846C-FF57-47AB-B833-D23E01244FB3}.Debug|x86.Build.0 = Debug|Any CPU
		{78CF846C-FF57-47AB-B833-D23E01244FB3}.Release|Any CPU.ActiveCfg = Release|Any CPU
		{78CF846C-FF57-47AB-B833-D23E01244FB3}.Release|Any CPU.Build.0 = Release|Any CPU
		{78CF846C-FF57-47AB-B833-D23E01244FB3}.Release|ARM.ActiveCfg = Release|Any CPU
		{78CF846C-FF57-47AB-B833-D23E01244FB3}.Release|ARM.Build.0 = Release|Any CPU
		{78CF846C-FF57-47AB-B833-D23E01244FB3}.Release|ARM64.ActiveCfg = Release|Any CPU
		{78CF846C-FF57-47AB-B833-D23E01244FB3}.Release|ARM64.Build.0 = Release|Any CPU
		{78CF846C-FF57-47AB-B833-D23E01244FB3}.Release|x64.ActiveCfg = Release|Any CPU
		{78CF846C-FF57-47AB-B833-D23E01244FB3}.Release|x64.Build.0 = Release|Any CPU
		{78CF846C-FF57-47AB-B833-D23E01244FB3}.Release|x86.ActiveCfg = Release|Any CPU
		{78CF846C-FF57-47AB-B833-D23E01244FB3}.Release|x86.Build.0 = Release|Any CPU
		{69FA5514-FDD4-4307-A0F4-5F23E01D6EE2}.Debug|Any CPU.ActiveCfg = Debug|Any CPU
		{69FA5514-FDD4-4307-A0F4-5F23E01D6EE2}.Debug|Any CPU.Build.0 = Debug|Any CPU
		{69FA5514-FDD4-4307-A0F4-5F23E01D6EE2}.Debug|ARM.ActiveCfg = Debug|Any CPU
		{69FA5514-FDD4-4307-A0F4-5F23E01D6EE2}.Debug|ARM.Build.0 = Debug|Any CPU
		{69FA5514-FDD4-4307-A0F4-5F23E01D6EE2}.Debug|ARM64.ActiveCfg = Debug|Any CPU
		{69FA5514-FDD4-4307-A0F4-5F23E01D6EE2}.Debug|ARM64.Build.0 = Debug|Any CPU
		{69FA5514-FDD4-4307-A0F4-5F23E01D6EE2}.Debug|x64.ActiveCfg = Debug|Any CPU
		{69FA5514-FDD4-4307-A0F4-5F23E01D6EE2}.Debug|x64.Build.0 = Debug|Any CPU
		{69FA5514-FDD4-4307-A0F4-5F23E01D6EE2}.Debug|x86.ActiveCfg = Debug|Any CPU
		{69FA5514-FDD4-4307-A0F4-5F23E01D6EE2}.Debug|x86.Build.0 = Debug|Any CPU
		{69FA5514-FDD4-4307-A0F4-5F23E01D6EE2}.Release|Any CPU.ActiveCfg = Release|Any CPU
		{69FA5514-FDD4-4307-A0F4-5F23E01D6EE2}.Release|Any CPU.Build.0 = Release|Any CPU
		{69FA5514-FDD4-4307-A0F4-5F23E01D6EE2}.Release|ARM.ActiveCfg = Release|Any CPU
		{69FA5514-FDD4-4307-A0F4-5F23E01D6EE2}.Release|ARM.Build.0 = Release|Any CPU
		{69FA5514-FDD4-4307-A0F4-5F23E01D6EE2}.Release|ARM64.ActiveCfg = Release|Any CPU
		{69FA5514-FDD4-4307-A0F4-5F23E01D6EE2}.Release|ARM64.Build.0 = Release|Any CPU
		{69FA5514-FDD4-4307-A0F4-5F23E01D6EE2}.Release|x64.ActiveCfg = Release|Any CPU
		{69FA5514-FDD4-4307-A0F4-5F23E01D6EE2}.Release|x64.Build.0 = Release|Any CPU
		{69FA5514-FDD4-4307-A0F4-5F23E01D6EE2}.Release|x86.ActiveCfg = Release|Any CPU
		{69FA5514-FDD4-4307-A0F4-5F23E01D6EE2}.Release|x86.Build.0 = Release|Any CPU
		{FB735BA2-0CC9-4432-9AD2-82628FD1EAB0}.Debug|Any CPU.ActiveCfg = Debug|Any CPU
		{FB735BA2-0CC9-4432-9AD2-82628FD1EAB0}.Debug|Any CPU.Build.0 = Debug|Any CPU
		{FB735BA2-0CC9-4432-9AD2-82628FD1EAB0}.Debug|ARM.ActiveCfg = Debug|Any CPU
		{FB735BA2-0CC9-4432-9AD2-82628FD1EAB0}.Debug|ARM.Build.0 = Debug|Any CPU
		{FB735BA2-0CC9-4432-9AD2-82628FD1EAB0}.Debug|ARM64.ActiveCfg = Debug|Any CPU
		{FB735BA2-0CC9-4432-9AD2-82628FD1EAB0}.Debug|ARM64.Build.0 = Debug|Any CPU
		{FB735BA2-0CC9-4432-9AD2-82628FD1EAB0}.Debug|x64.ActiveCfg = Debug|Any CPU
		{FB735BA2-0CC9-4432-9AD2-82628FD1EAB0}.Debug|x64.Build.0 = Debug|Any CPU
		{FB735BA2-0CC9-4432-9AD2-82628FD1EAB0}.Debug|x86.ActiveCfg = Debug|Any CPU
		{FB735BA2-0CC9-4432-9AD2-82628FD1EAB0}.Debug|x86.Build.0 = Debug|Any CPU
		{FB735BA2-0CC9-4432-9AD2-82628FD1EAB0}.Release|Any CPU.ActiveCfg = Release|Any CPU
		{FB735BA2-0CC9-4432-9AD2-82628FD1EAB0}.Release|Any CPU.Build.0 = Release|Any CPU
		{FB735BA2-0CC9-4432-9AD2-82628FD1EAB0}.Release|ARM.ActiveCfg = Release|Any CPU
		{FB735BA2-0CC9-4432-9AD2-82628FD1EAB0}.Release|ARM.Build.0 = Release|Any CPU
		{FB735BA2-0CC9-4432-9AD2-82628FD1EAB0}.Release|ARM64.ActiveCfg = Release|Any CPU
		{FB735BA2-0CC9-4432-9AD2-82628FD1EAB0}.Release|ARM64.Build.0 = Release|Any CPU
		{FB735BA2-0CC9-4432-9AD2-82628FD1EAB0}.Release|x64.ActiveCfg = Release|Any CPU
		{FB735BA2-0CC9-4432-9AD2-82628FD1EAB0}.Release|x64.Build.0 = Release|Any CPU
		{FB735BA2-0CC9-4432-9AD2-82628FD1EAB0}.Release|x86.ActiveCfg = Release|Any CPU
		{FB735BA2-0CC9-4432-9AD2-82628FD1EAB0}.Release|x86.Build.0 = Release|Any CPU
		{DB3F7276-2B7A-48AA-8026-1F754FDC9A59}.Debug|Any CPU.ActiveCfg = Debug|Any CPU
		{DB3F7276-2B7A-48AA-8026-1F754FDC9A59}.Debug|Any CPU.Build.0 = Debug|Any CPU
		{DB3F7276-2B7A-48AA-8026-1F754FDC9A59}.Debug|ARM.ActiveCfg = Debug|Any CPU
		{DB3F7276-2B7A-48AA-8026-1F754FDC9A59}.Debug|ARM.Build.0 = Debug|Any CPU
		{DB3F7276-2B7A-48AA-8026-1F754FDC9A59}.Debug|ARM64.ActiveCfg = Debug|Any CPU
		{DB3F7276-2B7A-48AA-8026-1F754FDC9A59}.Debug|ARM64.Build.0 = Debug|Any CPU
		{DB3F7276-2B7A-48AA-8026-1F754FDC9A59}.Debug|x64.ActiveCfg = Debug|Any CPU
		{DB3F7276-2B7A-48AA-8026-1F754FDC9A59}.Debug|x64.Build.0 = Debug|Any CPU
		{DB3F7276-2B7A-48AA-8026-1F754FDC9A59}.Debug|x86.ActiveCfg = Debug|Any CPU
		{DB3F7276-2B7A-48AA-8026-1F754FDC9A59}.Debug|x86.Build.0 = Debug|Any CPU
		{DB3F7276-2B7A-48AA-8026-1F754FDC9A59}.Release|Any CPU.ActiveCfg = Release|Any CPU
		{DB3F7276-2B7A-48AA-8026-1F754FDC9A59}.Release|Any CPU.Build.0 = Release|Any CPU
		{DB3F7276-2B7A-48AA-8026-1F754FDC9A59}.Release|ARM.ActiveCfg = Release|Any CPU
		{DB3F7276-2B7A-48AA-8026-1F754FDC9A59}.Release|ARM.Build.0 = Release|Any CPU
		{DB3F7276-2B7A-48AA-8026-1F754FDC9A59}.Release|ARM64.ActiveCfg = Release|Any CPU
		{DB3F7276-2B7A-48AA-8026-1F754FDC9A59}.Release|ARM64.Build.0 = Release|Any CPU
		{DB3F7276-2B7A-48AA-8026-1F754FDC9A59}.Release|x64.ActiveCfg = Release|Any CPU
		{DB3F7276-2B7A-48AA-8026-1F754FDC9A59}.Release|x64.Build.0 = Release|Any CPU
		{DB3F7276-2B7A-48AA-8026-1F754FDC9A59}.Release|x86.ActiveCfg = Release|Any CPU
		{DB3F7276-2B7A-48AA-8026-1F754FDC9A59}.Release|x86.Build.0 = Release|Any CPU
		{40967A87-0936-464F-BABA-BC5055B340AD}.Debug|Any CPU.ActiveCfg = Debug|Any CPU
		{40967A87-0936-464F-BABA-BC5055B340AD}.Debug|Any CPU.Build.0 = Debug|Any CPU
		{40967A87-0936-464F-BABA-BC5055B340AD}.Debug|ARM.ActiveCfg = Debug|Any CPU
		{40967A87-0936-464F-BABA-BC5055B340AD}.Debug|ARM.Build.0 = Debug|Any CPU
		{40967A87-0936-464F-BABA-BC5055B340AD}.Debug|ARM64.ActiveCfg = Debug|Any CPU
		{40967A87-0936-464F-BABA-BC5055B340AD}.Debug|ARM64.Build.0 = Debug|Any CPU
		{40967A87-0936-464F-BABA-BC5055B340AD}.Debug|x64.ActiveCfg = Debug|Any CPU
		{40967A87-0936-464F-BABA-BC5055B340AD}.Debug|x64.Build.0 = Debug|Any CPU
		{40967A87-0936-464F-BABA-BC5055B340AD}.Debug|x86.ActiveCfg = Debug|Any CPU
		{40967A87-0936-464F-BABA-BC5055B340AD}.Debug|x86.Build.0 = Debug|Any CPU
		{40967A87-0936-464F-BABA-BC5055B340AD}.Release|Any CPU.ActiveCfg = Release|Any CPU
		{40967A87-0936-464F-BABA-BC5055B340AD}.Release|Any CPU.Build.0 = Release|Any CPU
		{40967A87-0936-464F-BABA-BC5055B340AD}.Release|ARM.ActiveCfg = Release|Any CPU
		{40967A87-0936-464F-BABA-BC5055B340AD}.Release|ARM.Build.0 = Release|Any CPU
		{40967A87-0936-464F-BABA-BC5055B340AD}.Release|ARM64.ActiveCfg = Release|Any CPU
		{40967A87-0936-464F-BABA-BC5055B340AD}.Release|ARM64.Build.0 = Release|Any CPU
		{40967A87-0936-464F-BABA-BC5055B340AD}.Release|x64.ActiveCfg = Release|Any CPU
		{40967A87-0936-464F-BABA-BC5055B340AD}.Release|x64.Build.0 = Release|Any CPU
		{40967A87-0936-464F-BABA-BC5055B340AD}.Release|x86.ActiveCfg = Release|Any CPU
		{40967A87-0936-464F-BABA-BC5055B340AD}.Release|x86.Build.0 = Release|Any CPU
		{12182BE2-D226-4AE9-AC2B-0DA0B562F9B8}.Debug|Any CPU.ActiveCfg = Debug|Any CPU
		{12182BE2-D226-4AE9-AC2B-0DA0B562F9B8}.Debug|Any CPU.Build.0 = Debug|Any CPU
		{12182BE2-D226-4AE9-AC2B-0DA0B562F9B8}.Debug|Any CPU.Deploy.0 = Debug|Any CPU
		{12182BE2-D226-4AE9-AC2B-0DA0B562F9B8}.Debug|ARM.ActiveCfg = Debug|Any CPU
		{12182BE2-D226-4AE9-AC2B-0DA0B562F9B8}.Debug|ARM.Build.0 = Debug|Any CPU
		{12182BE2-D226-4AE9-AC2B-0DA0B562F9B8}.Debug|ARM.Deploy.0 = Debug|Any CPU
		{12182BE2-D226-4AE9-AC2B-0DA0B562F9B8}.Debug|ARM64.ActiveCfg = Debug|Any CPU
		{12182BE2-D226-4AE9-AC2B-0DA0B562F9B8}.Debug|ARM64.Build.0 = Debug|Any CPU
		{12182BE2-D226-4AE9-AC2B-0DA0B562F9B8}.Debug|ARM64.Deploy.0 = Debug|Any CPU
		{12182BE2-D226-4AE9-AC2B-0DA0B562F9B8}.Debug|x64.ActiveCfg = Debug|Any CPU
		{12182BE2-D226-4AE9-AC2B-0DA0B562F9B8}.Debug|x64.Build.0 = Debug|Any CPU
		{12182BE2-D226-4AE9-AC2B-0DA0B562F9B8}.Debug|x64.Deploy.0 = Debug|Any CPU
		{12182BE2-D226-4AE9-AC2B-0DA0B562F9B8}.Debug|x86.ActiveCfg = Debug|Any CPU
		{12182BE2-D226-4AE9-AC2B-0DA0B562F9B8}.Debug|x86.Build.0 = Debug|Any CPU
		{12182BE2-D226-4AE9-AC2B-0DA0B562F9B8}.Debug|x86.Deploy.0 = Debug|Any CPU
		{12182BE2-D226-4AE9-AC2B-0DA0B562F9B8}.Release|Any CPU.ActiveCfg = Release|Any CPU
		{12182BE2-D226-4AE9-AC2B-0DA0B562F9B8}.Release|Any CPU.Build.0 = Release|Any CPU
		{12182BE2-D226-4AE9-AC2B-0DA0B562F9B8}.Release|Any CPU.Deploy.0 = Release|Any CPU
		{12182BE2-D226-4AE9-AC2B-0DA0B562F9B8}.Release|ARM.ActiveCfg = Release|Any CPU
		{12182BE2-D226-4AE9-AC2B-0DA0B562F9B8}.Release|ARM.Build.0 = Release|Any CPU
		{12182BE2-D226-4AE9-AC2B-0DA0B562F9B8}.Release|ARM.Deploy.0 = Release|Any CPU
		{12182BE2-D226-4AE9-AC2B-0DA0B562F9B8}.Release|ARM64.ActiveCfg = Release|Any CPU
		{12182BE2-D226-4AE9-AC2B-0DA0B562F9B8}.Release|ARM64.Build.0 = Release|Any CPU
		{12182BE2-D226-4AE9-AC2B-0DA0B562F9B8}.Release|ARM64.Deploy.0 = Release|Any CPU
		{12182BE2-D226-4AE9-AC2B-0DA0B562F9B8}.Release|x64.ActiveCfg = Release|Any CPU
		{12182BE2-D226-4AE9-AC2B-0DA0B562F9B8}.Release|x64.Build.0 = Release|Any CPU
		{12182BE2-D226-4AE9-AC2B-0DA0B562F9B8}.Release|x64.Deploy.0 = Release|Any CPU
		{12182BE2-D226-4AE9-AC2B-0DA0B562F9B8}.Release|x86.ActiveCfg = Release|Any CPU
		{12182BE2-D226-4AE9-AC2B-0DA0B562F9B8}.Release|x86.Build.0 = Release|Any CPU
		{12182BE2-D226-4AE9-AC2B-0DA0B562F9B8}.Release|x86.Deploy.0 = Release|Any CPU
	EndGlobalSection
	GlobalSection(SolutionProperties) = preSolution
		HideSolutionNode = FALSE
	EndGlobalSection
	GlobalSection(ExtensibilityGlobals) = postSolution
		SolutionGuid = {2B5AA831-9AA6-47D6-875F-5E4BCF066A91}
	EndGlobalSection
EndGlobal
